
Microsoft Visual Studio Solution File, Format Version 12.00
# Visual Studio Version 17
VisualStudioVersion = 17.9.34728.123
MinimumVisualStudioVersion = 10.0.40219.1
Project("{FAE04EC0-301F-11D3-BF4B-00C04F79EFBC}") = "CalcDiscMat", "CalcDiscMat\CalcDiscMat.csproj", "{549BE137-53A4-4EA1-92A0-9649746D1C62}"
EndProject
Global
	GlobalSection(SolutionConfigurationPlatforms) = preSolution
		Debug|Any CPU = Debug|Any CPU
		Release|Any CPU = Release|Any CPU
	EndGlobalSection
	GlobalSection(ProjectConfigurationPlatforms) = postSolution
		{549BE137-53A4-4EA1-92A0-9649746D1C62}.Debug|Any CPU.ActiveCfg = Debug|Any CPU
		{549BE137-53A4-4EA1-92A0-9649746D1C62}.Debug|Any CPU.Build.0 = Debug|Any CPU
		{549BE137-53A4-4EA1-92A0-9649746D1C62}.Release|Any CPU.ActiveCfg = Release|Any CPU
		{549BE137-53A4-4EA1-92A0-9649746D1C62}.Release|Any CPU.Build.0 = Release|Any CPU
	EndGlobalSection
	GlobalSection(SolutionProperties) = preSolution
		HideSolutionNode = FALSE
	EndGlobalSection
	GlobalSection(ExtensibilityGlobals) = postSolution
		SolutionGuid = {54710CE1-33EE-4E50-86CA-B8A0FAB23C0B}
	EndGlobalSection
EndGlobal
